// !$*UTF8*$!
{
	archiveVersion = 1;
	classes = {
	};
	objectVersion = 46;
	objects = {

/* Begin PBXBuildFile section */
		57A7394719B46A6000530757 /* main.m in Sources */ = {isa = PBXBuildFile; fileRef = 57A7394619B46A6000530757 /* main.m */; };
		57A7394A19B46A6000530757 /* AppDelegate.m in Sources */ = {isa = PBXBuildFile; fileRef = 57A7394919B46A6000530757 /* AppDelegate.m */; };
		57A7394D19B46A6000530757 /* ControllingSource.xcdatamodeld in Sources */ = {isa = PBXBuildFile; fileRef = 57A7394B19B46A6000530757 /* ControllingSource.xcdatamodeld */; };
		57A7395019B46A6000530757 /* MasterViewController.m in Sources */ = {isa = PBXBuildFile; fileRef = 57A7394F19B46A6000530757 /* MasterViewController.m */; };
		57A7395319B46A6000530757 /* DetailViewController.m in Sources */ = {isa = PBXBuildFile; fileRef = 57A7395219B46A6000530757 /* DetailViewController.m */; };
		57A7395619B46A6000530757 /* Main.storyboard in Resources */ = {isa = PBXBuildFile; fileRef = 57A7395419B46A6000530757 /* Main.storyboard */; };
		57A7395819B46A6000530757 /* Images.xcassets in Resources */ = {isa = PBXBuildFile; fileRef = 57A7395719B46A6000530757 /* Images.xcassets */; };
		57A7396419B46A6000530757 /* ControllingSourceTests.m in Sources */ = {isa = PBXBuildFile; fileRef = 57A7396319B46A6000530757 /* ControllingSourceTests.m */; };
/* End PBXBuildFile section */

/* Begin PBXContainerItemProxy section */
		57A7395E19B46A6000530757 /* PBXContainerItemProxy */ = {
			isa = PBXContainerItemProxy;
			containerPortal = 57A7393919B46A6000530757 /* Project object */;
			proxyType = 1;
			remoteGlobalIDString = 57A7394019B46A6000530757;
			remoteInfo = ControllingSource;
		};
/* End PBXContainerItemProxy section */

/* Begin PBXFileReference section */
		57A7394119B46A6000530757 /* ControllingSource.app */ = {isa = PBXFileReference; explicitFileType = wrapper.application; includeInIndex = 0; path = ControllingSource.app; sourceTree = BUILT_PRODUCTS_DIR; };
		57A7394519B46A6000530757 /* Info.plist */ = {isa = PBXFileReference; lastKnownFileType = text.plist.xml; path = Info.plist; sourceTree = "<group>"; };
		57A7394619B46A6000530757 /* main.m */ = {isa = PBXFileReference; lastKnownFileType = sourcecode.c.objc; path = main.m; sourceTree = "<group>"; };
		57A7394819B46A6000530757 /* AppDelegate.h */ = {isa = PBXFileReference; lastKnownFileType = sourcecode.c.h; path = AppDelegate.h; sourceTree = "<group>"; };
		57A7394919B46A6000530757 /* AppDelegate.m */ = {isa = PBXFileReference; lastKnownFileType = sourcecode.c.objc; path = AppDelegate.m; sourceTree = "<group>"; };
		57A7394C19B46A6000530757 /* ControllingSource.xcdatamodel */ = {isa = PBXFileReference; lastKnownFileType = wrapper.xcdatamodel; path = ControllingSource.xcdatamodel; sourceTree = "<group>"; };
		57A7394E19B46A6000530757 /* MasterViewController.h */ = {isa = PBXFileReference; lastKnownFileType = sourcecode.c.h; path = MasterViewController.h; sourceTree = "<group>"; };
		57A7394F19B46A6000530757 /* MasterViewController.m */ = {isa = PBXFileReference; lastKnownFileType = sourcecode.c.objc; path = MasterViewController.m; sourceTree = "<group>"; };
		57A7395119B46A6000530757 /* DetailViewController.h */ = {isa = PBXFileReference; lastKnownFileType = sourcecode.c.h; path = DetailViewController.h; sourceTree = "<group>"; };
		57A7395219B46A6000530757 /* DetailViewController.m */ = {isa = PBXFileReference; lastKnownFileType = sourcecode.c.objc; path = DetailViewController.m; sourceTree = "<group>"; };
		57A7395519B46A6000530757 /* Base */ = {isa = PBXFileReference; lastKnownFileType = file.storyboard; name = Base; path = Base.lproj/Main.storyboard; sourceTree = "<group>"; };
		57A7395719B46A6000530757 /* Images.xcassets */ = {isa = PBXFileReference; lastKnownFileType = folder.assetcatalog; path = Images.xcassets; sourceTree = "<group>"; };
		57A7395D19B46A6000530757 /* ControllingSourceTests.xctest */ = {isa = PBXFileReference; explicitFileType = wrapper.cfbundle; includeInIndex = 0; path = ControllingSourceTests.xctest; sourceTree = BUILT_PRODUCTS_DIR; };
		57A7396219B46A6000530757 /* Info.plist */ = {isa = PBXFileReference; lastKnownFileType = text.plist.xml; path = Info.plist; sourceTree = "<group>"; };
		57A7396319B46A6000530757 /* ControllingSourceTests.m */ = {isa = PBXFileReference; lastKnownFileType = sourcecode.c.objc; path = ControllingSourceTests.m; sourceTree = "<group>"; };
/* End PBXFileReference section */

/* Begin PBXFrameworksBuildPhase section */
		57A7393E19B46A6000530757 /* Frameworks */ = {
			isa = PBXFrameworksBuildPhase;
			buildActionMask = 2147483647;
			files = (
			);
			runOnlyForDeploymentPostprocessing = 0;
		};
		57A7395A19B46A6000530757 /* Frameworks */ = {
			isa = PBXFrameworksBuildPhase;
			buildActionMask = 2147483647;
			files = (
			);
			runOnlyForDeploymentPostprocessing = 0;
		};
/* End PBXFrameworksBuildPhase section */

/* Begin PBXGroup section */
		57A7393819B46A6000530757 = {
			isa = PBXGroup;
			children = (
				57A7394319B46A6000530757 /* ControllingSource */,
				57A7396019B46A6000530757 /* ControllingSourceTests */,
				57A7394219B46A6000530757 /* Products */,
			);
			sourceTree = "<group>";
		};
		57A7394219B46A6000530757 /* Products */ = {
			isa = PBXGroup;
			children = (
				57A7394119B46A6000530757 /* ControllingSource.app */,
				57A7395D19B46A6000530757 /* ControllingSourceTests.xctest */,
			);
			name = Products;
			sourceTree = "<group>";
		};
		57A7394319B46A6000530757 /* ControllingSource */ = {
			isa = PBXGroup;
			children = (
				57A7394819B46A6000530757 /* AppDelegate.h */,
				57A7394919B46A6000530757 /* AppDelegate.m */,
				57A7394E19B46A6000530757 /* MasterViewController.h */,
				57A7394F19B46A6000530757 /* MasterViewController.m */,
				57A7395119B46A6000530757 /* DetailViewController.h */,
				57A7395219B46A6000530757 /* DetailViewController.m */,
				57A7395419B46A6000530757 /* Main.storyboard */,
				57A7395719B46A6000530757 /* Images.xcassets */,
				57A7394B19B46A6000530757 /* ControllingSource.xcdatamodeld */,
				57A7394419B46A6000530757 /* Supporting Files */,
			);
			path = ControllingSource;
			sourceTree = "<group>";
		};
		57A7394419B46A6000530757 /* Supporting Files */ = {
			isa = PBXGroup;
			children = (
				57A7394519B46A6000530757 /* Info.plist */,
				57A7394619B46A6000530757 /* main.m */,
			);
			name = "Supporting Files";
			sourceTree = "<group>";
		};
		57A7396019B46A6000530757 /* ControllingSourceTests */ = {
			isa = PBXGroup;
			children = (
				57A7396319B46A6000530757 /* ControllingSourceTests.m */,
				57A7396119B46A6000530757 /* Supporting Files */,
			);
			path = ControllingSourceTests;
			sourceTree = "<group>";
		};
		57A7396119B46A6000530757 /* Supporting Files */ = {
			isa = PBXGroup;
			children = (
				57A7396219B46A6000530757 /* Info.plist */,
			);
			name = "Supporting Files";
			sourceTree = "<group>";
		};
/* End PBXGroup section */

/* Begin PBXNativeTarget section */
		57A7394019B46A6000530757 /* ControllingSource */ = {
			isa = PBXNativeTarget;
			buildConfigurationList = 57A7396719B46A6000530757 /* Build configuration list for PBXNativeTarget "ControllingSource" */;
			buildPhases = (
				57A7393D19B46A6000530757 /* Sources */,
				57A7393E19B46A6000530757 /* Frameworks */,
				57A7393F19B46A6000530757 /* Resources */,
			);
			buildRules = (
			);
			dependencies = (
			);
			name = ControllingSource;
			productName = ControllingSource;
			productReference = 57A7394119B46A6000530757 /* ControllingSource.app */;
			productType = "com.apple.product-type.application";
		};
		57A7395C19B46A6000530757 /* ControllingSourceTests */ = {
			isa = PBXNativeTarget;
			buildConfigurationList = 57A7396A19B46A6000530757 /* Build configuration list for PBXNativeTarget "ControllingSourceTests" */;
			buildPhases = (
				57A7395919B46A6000530757 /* Sources */,
				57A7395A19B46A6000530757 /* Frameworks */,
				57A7395B19B46A6000530757 /* Resources */,
			);
			buildRules = (
			);
			dependencies = (
				57A7395F19B46A6000530757 /* PBXTargetDependency */,
			);
			name = ControllingSourceTests;
			productName = ControllingSourceTests;
			productReference = 57A7395D19B46A6000530757 /* ControllingSourceTests.xctest */;
			productType = "com.apple.product-type.bundle.unit-test";
		};
/* End PBXNativeTarget section */

/* Begin PBXProject section */
		57A7393919B46A6000530757 /* Project object */ = {
			isa = PBXProject;
			attributes = {
				LastUpgradeCheck = 0600;
				ORGANIZATIONNAME = Palmap;
				TargetAttributes = {
					57A7394019B46A6000530757 = {
						CreatedOnToolsVersion = 6.0;
					};
					57A7395C19B46A6000530757 = {
						CreatedOnToolsVersion = 6.0;
						TestTargetID = 57A7394019B46A6000530757;
					};
				};
			};
			buildConfigurationList = 57A7393C19B46A6000530757 /* Build configuration list for PBXProject "ControllingSource" */;
			compatibilityVersion = "Xcode 3.2";
			developmentRegion = English;
			hasScannedForEncodings = 0;
			knownRegions = (
				en,
				Base,
			);
			mainGroup = 57A7393819B46A6000530757;
			productRefGroup = 57A7394219B46A6000530757 /* Products */;
			projectDirPath = "";
			projectRoot = "";
			targets = (
				57A7394019B46A6000530757 /* ControllingSource */,
				57A7395C19B46A6000530757 /* ControllingSourceTests */,
			);
		};
/* End PBXProject section */

/* Begin PBXResourcesBuildPhase section */
		57A7393F19B46A6000530757 /* Resources */ = {
			isa = PBXResourcesBuildPhase;
			buildActionMask = 2147483647;
			files = (
				57A7395619B46A6000530757 /* Main.storyboard in Resources */,
				57A7395819B46A6000530757 /* Images.xcassets in Resources */,
			);
			runOnlyForDeploymentPostprocessing = 0;
		};
		57A7395B19B46A6000530757 /* Resources */ = {
			isa = PBXResourcesBuildPhase;
			buildActionMask = 2147483647;
			files = (
			);
			runOnlyForDeploymentPostprocessing = 0;
		};
/* End PBXResourcesBuildPhase section */

/* Begin PBXSourcesBuildPhase section */
		57A7393D19B46A6000530757 /* Sources */ = {
			isa = PBXSourcesBuildPhase;
			buildActionMask = 2147483647;
			files = (
				57A7395319B46A6000530757 /* DetailViewController.m in Sources */,
				57A7395019B46A6000530757 /* MasterViewController.m in Sources */,
				57A7394D19B46A6000530757 /* ControllingSource.xcdatamodeld in Sources */,
				57A7394A19B46A6000530757 /* AppDelegate.m in Sources */,
				57A7394719B46A6000530757 /* main.m in Sources */,
			);
			runOnlyForDeploymentPostprocessing = 0;
		};
		57A7395919B46A6000530757 /* Sources */ = {
			isa = PBXSourcesBuildPhase;
			buildActionMask = 2147483647;
			files = (
				57A7396419B46A6000530757 /* ControllingSourceTests.m in Sources */,
			);
			runOnlyForDeploymentPostprocessing = 0;
		};
/* End PBXSourcesBuildPhase section */

/* Begin PBXTargetDependency section */
		57A7395F19B46A6000530757 /* PBXTargetDependency */ = {
			isa = PBXTargetDependency;
			target = 57A7394019B46A6000530757 /* ControllingSource */;
			targetProxy = 57A7395E19B46A6000530757 /* PBXContainerItemProxy */;
		};
/* End PBXTargetDependency section */

/* Begin PBXVariantGroup section */
		57A7395419B46A6000530757 /* Main.storyboard */ = {
			isa = PBXVariantGroup;
			children = (
				57A7395519B46A6000530757 /* Base */,
			);
			name = Main.storyboard;
			sourceTree = "<group>";
		};
/* End PBXVariantGroup section */

/* Begin XCBuildConfiguration section */
		57A7396519B46A6000530757 /* Debug */ = {
			isa = XCBuildConfiguration;
			buildSettings = {
				ALWAYS_SEARCH_USER_PATHS = NO;
				CLANG_CXX_LANGUAGE_STANDARD = "gnu++0x";
				CLANG_CXX_LIBRARY = "libc++";
				CLANG_ENABLE_MODULES = YES;
				CLANG_ENABLE_OBJC_ARC = YES;
				CLANG_WARN_BOOL_CONVERSION = YES;
				CLANG_WARN_CONSTANT_CONVERSION = YES;
				CLANG_WARN_DIRECT_OBJC_ISA_USAGE = YES_ERROR;
				CLANG_WARN_EMPTY_BODY = YES;
				CLANG_WARN_ENUM_CONVERSION = YES;
				CLANG_WARN_INT_CONVERSION = YES;
				CLANG_WARN_OBJC_ROOT_CLASS = YES_ERROR;
				CLANG_WARN_UNREACHABLE_CODE = YES;
				CLANG_WARN__DUPLICATE_METHOD_MATCH = YES;
				"CODE_SIGN_IDENTITY[sdk=iphoneos*]" = "iPhone Developer";
				COPY_PHASE_STRIP = NO;
				ENABLE_STRICT_OBJC_MSGSEND = YES;
				GCC_C_LANGUAGE_STANDARD = gnu99;
				GCC_DYNAMIC_NO_PIC = NO;
				GCC_OPTIMIZATION_LEVEL = 0;
				GCC_PREPROCESSOR_DEFINITIONS = (
					"DEBUG=1",
					"$(inherited)",
				);
				GCC_SYMBOLS_PRIVATE_EXTERN = NO;
				GCC_WARN_64_TO_32_BIT_CONVERSION = YES;
				GCC_WARN_ABOUT_RETURN_TYPE = YES_ERROR;
				GCC_WARN_UNDECLARED_SELECTOR = YES;
				GCC_WARN_UNINITIALIZED_AUTOS = YES_AGGRESSIVE;
				GCC_WARN_UNUSED_FUNCTION = YES;
				GCC_WARN_UNUSED_VARIABLE = YES;
				IPHONEOS_DEPLOYMENT_TARGET = 8.0;
				MTL_ENABLE_DEBUG_INFO = YES;
				ONLY_ACTIVE_ARCH = YES;
				SDKROOT = iphoneos;
			};
			name = Debug;
		};
		57A7396619B46A6000530757 /* Release */ = {
			isa = XCBuildConfiguration;
			buildSettings = {
				ALWAYS_SEARCH_USER_PATHS = NO;
				CLANG_CXX_LANGUAGE_STANDARD = "gnu++0x";
				CLANG_CXX_LIBRARY = "libc++";
				CLANG_ENABLE_MODULES = YES;
				CLANG_ENABLE_OBJC_ARC = YES;
				CLANG_WARN_BOOL_CONVERSION = YES;
				CLANG_WARN_CONSTANT_CONVERSION = YES;
				CLANG_WARN_DIRECT_OBJC_ISA_USAGE = YES_ERROR;
				CLANG_WARN_EMPTY_BODY = YES;
				CLANG_WARN_ENUM_CONVERSION = YES;
				CLANG_WARN_INT_CONVERSION = YES;
				CLANG_WARN_OBJC_ROOT_CLASS = YES_ERROR;
				CLANG_WARN_UNREACHABLE_CODE = YES;
				CLANG_WARN__DUPLICATE_METHOD_MATCH = YES;
				"CODE_SIGN_IDENTITY[sdk=iphoneos*]" = "iPhone Developer";
				COPY_PHASE_STRIP = YES;
				ENABLE_NS_ASSERTIONS = NO;
				ENABLE_STRICT_OBJC_MSGSEND = YES;
				GCC_C_LANGUAGE_STANDARD = gnu99;
				GCC_WARN_64_TO_32_BIT_CONVERSION = YES;
				GCC_WARN_ABOUT_RETURN_TYPE = YES_ERROR;
				GCC_WARN_UNDECLARED_SELECTOR = YES;
				GCC_WARN_UNINITIALIZED_AUTOS = YES_AGGRESSIVE;
				GCC_WARN_UNUSED_FUNCTION = YES;
				GCC_WARN_UNUSED_VARIABLE = YES;
				IPHONEOS_DEPLOYMENT_TARGET = 8.0;
				MTL_ENABLE_DEBUG_INFO = NO;
				SDKROOT = iphoneos;
				VALIDATE_PRODUCT = YES;
			};
			name = Release;
		};
		57A7396819B46A6000530757 /* Debug */ = {
			isa = XCBuildConfiguration;
			buildSettings = {
				ASSETCATALOG_COMPILER_APPICON_NAME = AppIcon;
				ASSETCATALOG_COMPILER_LAUNCHIMAGE_NAME = LaunchImage;
				INFOPLIST_FILE = ControllingSource/Info.plist;
				LD_RUNPATH_SEARCH_PATHS = "$(inherited) @executable_path/Frameworks";
				PRODUCT_NAME = "$(TARGET_NAME)";
			};
			name = Debug;
		};
		57A7396919B46A6000530757 /* Release */ = {
			isa = XCBuildConfiguration;
			buildSettings = {
				ASSETCATALOG_COMPILER_APPICON_NAME = AppIcon;
				ASSETCATALOG_COMPILER_LAUNCHIMAGE_NAME = LaunchImage;
				INFOPLIST_FILE = ControllingSource/Info.plist;
				LD_RUNPATH_SEARCH_PATHS = "$(inherited) @executable_path/Frameworks";
				PRODUCT_NAME = "$(TARGET_NAME)";
			};
			name = Release;
		};
		57A7396B19B46A6000530757 /* Debug */ = {
			isa = XCBuildConfiguration;
			buildSettings = {
				BUNDLE_LOADER = "$(TEST_HOST)";
				FRAMEWORK_SEARCH_PATHS = (
					"$(SDKROOT)/Developer/Library/Frameworks",
					"$(inherited)",
				);
				GCC_PREPROCESSOR_DEFINITIONS = (
					"DEBUG=1",
					"$(inherited)",
				);
				INFOPLIST_FILE = ControllingSourceTests/Info.plist;
				LD_RUNPATH_SEARCH_PATHS = "$(inherited) @executable_path/Frameworks @loader_path/Frameworks";
				PRODUCT_NAME = "$(TARGET_NAME)";
				TEST_HOST = "$(BUILT_PRODUCTS_DIR)/ControllingSource.app/ControllingSource";
			};
			name = Debug;
		};
		57A7396C19B46A6000530757 /* Release */ = {
			isa = XCBuildConfiguration;
			buildSettings = {
				BUNDLE_LOADER = "$(TEST_HOST)";
				FRAMEWORK_SEARCH_PATHS = (
					"$(SDKROOT)/Developer/Library/Frameworks",
					"$(inherited)",
				);
				INFOPLIST_FILE = ControllingSourceTests/Info.plist;
				LD_RUNPATH_SEARCH_PATHS = "$(inherited) @executable_path/Frameworks @loader_path/Frameworks";
				PRODUCT_NAME = "$(TARGET_NAME)";
				TEST_HOST = "$(BUILT_PRODUCTS_DIR)/ControllingSource.app/ControllingSource";
			};
			name = Release;
		};
/* End XCBuildConfiguration section */

/* Begin XCConfigurationList section */
		57A7393C19B46A6000530757 /* Build configuration list for PBXProject "ControllingSource" */ = {
			isa = XCConfigurationList;
			buildConfigurations = (
				57A7396519B46A6000530757 /* Debug */,
				57A7396619B46A6000530757 /* Release */,
			);
			defaultConfigurationIsVisible = 0;
			defaultConfigurationName = Release;
		};
		57A7396719B46A6000530757 /* Build configuration list for PBXNativeTarget "ControllingSource" */ = {
			isa = XCConfigurationList;
			buildConfigurations = (
				57A7396819B46A6000530757 /* Debug */,
				57A7396919B46A6000530757 /* Release */,
			);
			defaultConfigurationIsVisible = 0;
		};
		57A7396A19B46A6000530757 /* Build configuration list for PBXNativeTarget "ControllingSourceTests" */ = {
			isa = XCConfigurationList;
			buildConfigurations = (
				57A7396B19B46A6000530757 /* Debug */,
				57A7396C19B46A6000530757 /* Release */,
			);
			defaultConfigurationIsVisible = 0;
		};
/* End XCConfigurationList section */

/* Begin XCVersionGroup section */
		57A7394B19B46A6000530757 /* ControllingSource.xcdatamodeld */ = {
			isa = XCVersionGroup;
			children = (
				57A7394C19B46A6000530757 /* ControllingSource.xcdatamodel */,
			);
			currentVersion = 57A7394C19B46A6000530757 /* ControllingSource.xcdatamodel */;
			path = ControllingSource.xcdatamodeld;
			sourceTree = "<group>";
			versionGroupType = wrapper.xcdatamodel;
		};
/* End XCVersionGroup section */
	};
	rootObject = 57A7393919B46A6000530757 /* Project object */;
}
